// !$*UTF8*$!
{
	archiveVersion = 1;
	classes = {
	};
	objectVersion = 46;
	objects = {

/* Begin PBXBuildFile section */
		1023FF2D1874F4F6000E19C6 /* UIKit.framework in Frameworks */ = {isa = PBXBuildFile; fileRef = 1023FF2C1874F4F6000E19C6 /* UIKit.framework */; };
		1023FF2F1874F4F6000E19C6 /* Foundation.framework in Frameworks */ = {isa = PBXBuildFile; fileRef = 1023FF2E1874F4F6000E19C6 /* Foundation.framework */; };
		1023FF311874F4F6000E19C6 /* CoreGraphics.framework in Frameworks */ = {isa = PBXBuildFile; fileRef = 1023FF301874F4F6000E19C6 /* CoreGraphics.framework */; };
		1023FF371874F4F6000E19C6 /* InfoPlist.strings in Resources */ = {isa = PBXBuildFile; fileRef = 1023FF351874F4F6000E19C6 /* InfoPlist.strings */; };
		1023FF391874F4F6000E19C6 /* main.m in Sources */ = {isa = PBXBuildFile; fileRef = 1023FF381874F4F6000E19C6 /* main.m */; };
		1023FF3D1874F4F6000E19C6 /* AppDelegate.m in Sources */ = {isa = PBXBuildFile; fileRef = 1023FF3C1874F4F6000E19C6 /* AppDelegate.m */; };
		1023FF3F1874F4F6000E19C6 /* Default.png in Resources */ = {isa = PBXBuildFile; fileRef = 1023FF3E1874F4F6000E19C6 /* Default.png */; };
		1023FF411874F4F6000E19C6 /* Default@2x.png in Resources */ = {isa = PBXBuildFile; fileRef = 1023FF401874F4F6000E19C6 /* Default@2x.png */; };
		1023FF431874F4F6000E19C6 /* Default-568h@2x.png in Resources */ = {isa = PBXBuildFile; fileRef = 1023FF421874F4F6000E19C6 /* Default-568h@2x.png */; };
		1023FF4C1874F52D000E19C6 /* mainViewController.m in Sources */ = {isa = PBXBuildFile; fileRef = 1023FF4A1874F52D000E19C6 /* mainViewController.m */; };
		1023FF4D1874F52D000E19C6 /* mainViewController.xib in Resources */ = {isa = PBXBuildFile; fileRef = 1023FF4B1874F52D000E19C6 /* mainViewController.xib */; };
		1023FF5118750D81000E19C6 /* searchImage.png in Resources */ = {isa = PBXBuildFile; fileRef = 1023FF5018750D81000E19C6 /* searchImage.png */; };
		1023FF5318750DF4000E19C6 /* delete.png in Resources */ = {isa = PBXBuildFile; fileRef = 1023FF5218750DF4000E19C6 /* delete.png */; };
		1023FF5A18750FE5000E19C6 /* searchButton1.png in Resources */ = {isa = PBXBuildFile; fileRef = 1023FF5918750FE5000E19C6 /* searchButton1.png */; };
		1023FF5F187538D2000E19C6 /* QuartzCore.framework in Frameworks */ = {isa = PBXBuildFile; fileRef = 1023FF5E187538D2000E19C6 /* QuartzCore.framework */; };
		1023FF62187540CA000E19C6 /* LLSearchBar.m in Sources */ = {isa = PBXBuildFile; fileRef = 1023FF61187540CA000E19C6 /* LLSearchBar.m */; };
		1023FF67187549CF000E19C6 /* toolbar.png in Resources */ = {isa = PBXBuildFile; fileRef = 1023FF66187549CF000E19C6 /* toolbar.png */; };
		1023FF6918754B82000E19C6 /* leftButton.png in Resources */ = {isa = PBXBuildFile; fileRef = 1023FF6818754B82000E19C6 /* leftButton.png */; };
		1023FF6F18755393000E19C6 /* actionView.png in Resources */ = {isa = PBXBuildFile; fileRef = 1023FF6E18755393000E19C6 /* actionView.png */; };
		10659E2B187BF6BE0068D576 /* ShowHotView.m in Sources */ = {isa = PBXBuildFile; fileRef = 10659E28187BF6BE0068D576 /* ShowHotView.m */; };
		10659E2C187BF6BE0068D576 /* ShowAllView.m in Sources */ = {isa = PBXBuildFile; fileRef = 10659E2A187BF6BE0068D576 /* ShowAllView.m */; };
		10659E35187BFB7C0068D576 /* LLToolbar.m in Sources */ = {isa = PBXBuildFile; fileRef = 10659E34187BFB7C0068D576 /* LLToolbar.m */; };
		10754921187CE4B200174964 /* AllOrderViewController.m in Sources */ = {isa = PBXBuildFile; fileRef = 1075491F187CE4B200174964 /* AllOrderViewController.m */; };
		10754922187CE4B200174964 /* AllOrderViewController.xib in Resources */ = {isa = PBXBuildFile; fileRef = 10754920187CE4B200174964 /* AllOrderViewController.xib */; };
		10754925187CE4BF00174964 /* OrderCell.m in Sources */ = {isa = PBXBuildFile; fileRef = 10754924187CE4BF00174964 /* OrderCell.m */; };
		10754928187CE4C800174964 /* UIScrollView+PullLoad.m in Sources */ = {isa = PBXBuildFile; fileRef = 10754927187CE4C800174964 /* UIScrollView+PullLoad.m */; };
		1075492B187CE4D600174964 /* showCell.m in Sources */ = {isa = PBXBuildFile; fileRef = 1075492A187CE4D600174964 /* showCell.m */; };
		1075492F187CE4DF00174964 /* OrderImformationViewController.m in Sources */ = {isa = PBXBuildFile; fileRef = 1075492D187CE4DF00174964 /* OrderImformationViewController.m */; };
		10754930187CE4DF00174964 /* OrderImformationViewController.xib in Resources */ = {isa = PBXBuildFile; fileRef = 1075492E187CE4DF00174964 /* OrderImformationViewController.xib */; };
		10754957187D4C6B00174964 /* evaluateViewController.m in Sources */ = {isa = PBXBuildFile; fileRef = 10754955187D4C6B00174964 /* evaluateViewController.m */; };
		10754958187D4C6B00174964 /* evaluateViewController.xib in Resources */ = {isa = PBXBuildFile; fileRef = 10754956187D4C6B00174964 /* evaluateViewController.xib */; };
		10D02B35187645AE007FC518 /* LLTabelViewCell.m in Sources */ = {isa = PBXBuildFile; fileRef = 10D02B34187645AE007FC518 /* LLTabelViewCell.m */; };
		10D02B3718764C23007FC518 /* product.png in Resources */ = {isa = PBXBuildFile; fileRef = 10D02B3618764C23007FC518 /* product.png */; };
		10D02B3A187653F4007FC518 /* LLSelectButton.m in Sources */ = {isa = PBXBuildFile; fileRef = 10D02B39187653F4007FC518 /* LLSelectButton.m */; };
		10D02B561876589B007FC518 /* ASIAuthenticationDialog.m in Sources */ = {isa = PBXBuildFile; fileRef = 10D02B3D1876589B007FC518 /* ASIAuthenticationDialog.m */; settings = {COMPILER_FLAGS = "-fno-objc-arc"; }; };
		10D02B571876589B007FC518 /* ASIDataCompressor.m in Sources */ = {isa = PBXBuildFile; fileRef = 10D02B401876589B007FC518 /* ASIDataCompressor.m */; settings = {COMPILER_FLAGS = "-fno-objc-arc"; }; };
		10D02B581876589B007FC518 /* ASIDataDecompressor.m in Sources */ = {isa = PBXBuildFile; fileRef = 10D02B421876589B007FC518 /* ASIDataDecompressor.m */; settings = {COMPILER_FLAGS = "-fno-objc-arc"; }; };
		10D02B591876589B007FC518 /* ASIDownloadCache.m in Sources */ = {isa = PBXBuildFile; fileRef = 10D02B441876589B007FC518 /* ASIDownloadCache.m */; settings = {COMPILER_FLAGS = "-fno-objc-arc"; }; };
		10D02B5A1876589B007FC518 /* ASIFormDataRequest.m in Sources */ = {isa = PBXBuildFile; fileRef = 10D02B461876589B007FC518 /* ASIFormDataRequest.m */; settings = {COMPILER_FLAGS = "-fno-objc-arc"; }; };
		10D02B5B1876589B007FC518 /* ASIHTTPRequest.m in Sources */ = {isa = PBXBuildFile; fileRef = 10D02B481876589B007FC518 /* ASIHTTPRequest.m */; settings = {COMPILER_FLAGS = "-fno-objc-arc"; }; };
		10D02B5C1876589B007FC518 /* ASIInputStream.m in Sources */ = {isa = PBXBuildFile; fileRef = 10D02B4C1876589B007FC518 /* ASIInputStream.m */; settings = {COMPILER_FLAGS = "-fno-objc-arc"; }; };
		10D02B5D1876589B007FC518 /* ASINetworkQueue.m in Sources */ = {isa = PBXBuildFile; fileRef = 10D02B4E1876589B007FC518 /* ASINetworkQueue.m */; settings = {COMPILER_FLAGS = "-fno-objc-arc"; }; };
		10D02B5E1876589B007FC518 /* ASIWebPageRequest.m in Sources */ = {isa = PBXBuildFile; fileRef = 10D02B521876589B007FC518 /* ASIWebPageRequest.m */; settings = {COMPILER_FLAGS = "-fno-objc-arc"; }; };
		10D02B5F1876589B007FC518 /* Reachability.m in Sources */ = {isa = PBXBuildFile; fileRef = 10D02B551876589B007FC518 /* Reachability.m */; settings = {COMPILER_FLAGS = "-fno-objc-arc"; }; };
		10D02B6118765992007FC518 /* libxml2.dylib in Frameworks */ = {isa = PBXBuildFile; fileRef = 10D02B6018765992007FC518 /* libxml2.dylib */; };
		10D02B63187659A0007FC518 /* libz.dylib in Frameworks */ = {isa = PBXBuildFile; fileRef = 10D02B62187659A0007FC518 /* libz.dylib */; };
		10D02B65187659AF007FC518 /* MobileCoreServices.framework in Frameworks */ = {isa = PBXBuildFile; fileRef = 10D02B64187659AF007FC518 /* MobileCoreServices.framework */; };
		10D02B67187659C8007FC518 /* SystemConfiguration.framework in Frameworks */ = {isa = PBXBuildFile; fileRef = 10D02B66187659C8007FC518 /* SystemConfiguration.framework */; };
		10D02B69187659CF007FC518 /* CFNetwork.framework in Frameworks */ = {isa = PBXBuildFile; fileRef = 10D02B68187659CF007FC518 /* CFNetwork.framework */; };
		10D02B6F187697CF007FC518 /* moveView.png in Resources */ = {isa = PBXBuildFile; fileRef = 10D02B6E187697CF007FC518 /* moveView.png */; };
		10D13AF0187A5C5F000769C5 /* loadImage.png in Resources */ = {isa = PBXBuildFile; fileRef = 10D13AEF187A5C5F000769C5 /* loadImage.png */; };
		10D13AF6187A97D5000769C5 /* sorry.png in Resources */ = {isa = PBXBuildFile; fileRef = 10D13AF5187A97D5000769C5 /* sorry.png */; };
		10D13AF8187AA5E3000769C5 /* backimage.png in Resources */ = {isa = PBXBuildFile; fileRef = 10D13AF7187AA5E3000769C5 /* backimage.png */; };
		10D2D023187BDDA600490C3A /* ShoppingCartViewController.m in Sources */ = {isa = PBXBuildFile; fileRef = 10D2D01D187BDDA600490C3A /* ShoppingCartViewController.m */; };
		10D2D024187BDDA600490C3A /* ShoppingCartViewController.xib in Resources */ = {isa = PBXBuildFile; fileRef = 10D2D01E187BDDA600490C3A /* ShoppingCartViewController.xib */; };
		10D2D025187BDDA600490C3A /* ShoppingCartInterface.m in Sources */ = {isa = PBXBuildFile; fileRef = 10D2D020187BDDA600490C3A /* ShoppingCartInterface.m */; };
		10D2D026187BDDA600490C3A /* CustomerTableViewCell.m in Sources */ = {isa = PBXBuildFile; fileRef = 10D2D022187BDDA600490C3A /* CustomerTableViewCell.m */; };
		10D2D02B187BDE4100490C3A /* ddefault.png in Resources */ = {isa = PBXBuildFile; fileRef = 10D2D028187BDE4000490C3A /* ddefault.png */; };
		10D2D02C187BDE4100490C3A /* chooseGoods.jpg in Resources */ = {isa = PBXBuildFile; fileRef = 10D2D029187BDE4000490C3A /* chooseGoods.jpg */; };
		10D2D02D187BDE4100490C3A /* delete.jpg in Resources */ = {isa = PBXBuildFile; fileRef = 10D2D02A187BDE4000490C3A /* delete.jpg */; };
		10D2D02F187BEE8100490C3A /* title_back.png in Resources */ = {isa = PBXBuildFile; fileRef = 10D2D02E187BEE8100490C3A /* title_back.png */; };
		10D93CA5187BF841009FEBB4 /* login_textfield_more_flip@2x.png in Resources */ = {isa = PBXBuildFile; fileRef = 10D93C9D187BF841009FEBB4 /* login_textfield_more_flip@2x.png */; };
		10D93CA6187BF841009FEBB4 /* login_textfield_more@2x.png in Resources */ = {isa = PBXBuildFile; fileRef = 10D93C9E187BF841009FEBB4 /* login_textfield_more@2x.png */; };
		10D93CA7187BF841009FEBB4 /* login_btn_blue_press.png in Resources */ = {isa = PBXBuildFile; fileRef = 10D93C9F187BF841009FEBB4 /* login_btn_blue_press.png */; };
		10D93CA8187BF841009FEBB4 /* login_btn_blue_press@2x.png in Resources */ = {isa = PBXBuildFile; fileRef = 10D93CA0187BF841009FEBB4 /* login_btn_blue_press@2x.png */; };
		10D93CA9187BF841009FEBB4 /* login_bg_ip5@2x.jpg in Resources */ = {isa = PBXBuildFile; fileRef = 10D93CA1187BF841009FEBB4 /* login_bg_ip5@2x.jpg */; };
		10D93CAA187BF841009FEBB4 /* login_bg.jpg in Resources */ = {isa = PBXBuildFile; fileRef = 10D93CA2187BF841009FEBB4 /* login_bg.jpg */; };
		10D93CAB187BF841009FEBB4 /* check@2x.png in Resources */ = {isa = PBXBuildFile; fileRef = 10D93CA3187BF841009FEBB4 /* check@2x.png */; };
		10D93CAC187BF841009FEBB4 /* aoTeMan.jpg in Resources */ = {isa = PBXBuildFile; fileRef = 10D93CA4187BF841009FEBB4 /* aoTeMan.jpg */; };
		10D93CB6187BF84C009FEBB4 /* ViewController.m in Sources */ = {isa = PBXBuildFile; fileRef = 10D93CAE187BF84C009FEBB4 /* ViewController.m */; };
		10D93CB7187BF84C009FEBB4 /* ViewController.xib in Resources */ = {isa = PBXBuildFile; fileRef = 10D93CAF187BF84C009FEBB4 /* ViewController.xib */; };
		10D93CB8187BF84C009FEBB4 /* logonViewController.m in Sources */ = {isa = PBXBuildFile; fileRef = 10D93CB1187BF84C009FEBB4 /* logonViewController.m */; };
		10D93CB9187BF84C009FEBB4 /* logonViewController.xib in Resources */ = {isa = PBXBuildFile; fileRef = 10D93CB2187BF84C009FEBB4 /* logonViewController.xib */; };
		10D93CBA187BF84C009FEBB4 /* InfoViewController.m in Sources */ = {isa = PBXBuildFile; fileRef = 10D93CB4187BF84C009FEBB4 /* InfoViewController.m */; };
		10D93CBB187BF84C009FEBB4 /* InfoViewController.xib in Resources */ = {isa = PBXBuildFile; fileRef = 10D93CB5187BF84C009FEBB4 /* InfoViewController.xib */; };
		10D93CC1187BF890009FEBB4 /* UserInfoViewController.m in Sources */ = {isa = PBXBuildFile; fileRef = 10D93CBF187BF890009FEBB4 /* UserInfoViewController.m */; };
		10D93CC2187BF890009FEBB4 /* UserInfoViewController.xib in Resources */ = {isa = PBXBuildFile; fileRef = 10D93CC0187BF890009FEBB4 /* UserInfoViewController.xib */; };
		10E8B06A187A3C9100112159 /* loadView.m in Sources */ = {isa = PBXBuildFile; fileRef = 10E8B069187A3C9100112159 /* loadView.m */; };
		10EA6B68187B8CE20067E2DA /* HotViewController.m in Sources */ = {isa = PBXBuildFile; fileRef = 10EA6B66187B8CE20067E2DA /* HotViewController.m */; };
		10EA6B69187B8CE20067E2DA /* HotViewController.xib in Resources */ = {isa = PBXBuildFile; fileRef = 10EA6B67187B8CE20067E2DA /* HotViewController.xib */; };
		10EA6B6C187B8D060067E2DA /* HotView.m in Sources */ = {isa = PBXBuildFile; fileRef = 10EA6B6B187B8D060067E2DA /* HotView.m */; };
		10EA6B6F187B94390067E2DA /* DanLi.m in Sources */ = {isa = PBXBuildFile; fileRef = 10EA6B6E187B94390067E2DA /* DanLi.m */; };
		10EA6B73187B9C780067E2DA /* LeftViewController.m in Sources */ = {isa = PBXBuildFile; fileRef = 10EA6B71187B9C780067E2DA /* LeftViewController.m */; };
		10EA6B74187B9C780067E2DA /* LeftViewController.xib in Resources */ = {isa = PBXBuildFile; fileRef = 10EA6B72187B9C780067E2DA /* LeftViewController.xib */; };
		10EA6B78187B9C860067E2DA /* RightViewController.m in Sources */ = {isa = PBXBuildFile; fileRef = 10EA6B76187B9C860067E2DA /* RightViewController.m */; };
		10EA6B79187B9C860067E2DA /* RightViewController.xib in Resources */ = {isa = PBXBuildFile; fileRef = 10EA6B77187B9C860067E2DA /* RightViewController.xib */; };
/* End PBXBuildFile section */

/* Begin PBXFileReference section */
		1023FF291874F4F6000E19C6 /* 1-2saleApp.app */ = {isa = PBXFileReference; explicitFileType = wrapper.application; includeInIndex = 0; path = "1-2saleApp.app"; sourceTree = BUILT_PRODUCTS_DIR; };
		1023FF2C1874F4F6000E19C6 /* UIKit.framework */ = {isa = PBXFileReference; lastKnownFileType = wrapper.framework; name = UIKit.framework; path = System/Library/Frameworks/UIKit.framework; sourceTree = SDKROOT; };
		1023FF2E1874F4F6000E19C6 /* Foundation.framework */ = {isa = PBXFileReference; lastKnownFileType = wrapper.framework; name = Foundation.framework; path = System/Library/Frameworks/Foundation.framework; sourceTree = SDKROOT; };
		1023FF301874F4F6000E19C6 /* CoreGraphics.framework */ = {isa = PBXFileReference; lastKnownFileType = wrapper.framework; name = CoreGraphics.framework; path = System/Library/Frameworks/CoreGraphics.framework; sourceTree = SDKROOT; };
		1023FF341874F4F6000E19C6 /* 1-2saleApp-Info.plist */ = {isa = PBXFileReference; lastKnownFileType = text.plist.xml; path = "1-2saleApp-Info.plist"; sourceTree = "<group>"; };
		1023FF361874F4F6000E19C6 /* en */ = {isa = PBXFileReference; lastKnownFileType = text.plist.strings; name = en; path = en.lproj/InfoPlist.strings; sourceTree = "<group>"; };
		1023FF381874F4F6000E19C6 /* main.m */ = {isa = PBXFileReference; lastKnownFileType = sourcecode.c.objc; path = main.m; sourceTree = "<group>"; };
		1023FF3A1874F4F6000E19C6 /* 1-2saleApp-Prefix.pch */ = {isa = PBXFileReference; lastKnownFileType = sourcecode.c.h; path = "1-2saleApp-Prefix.pch"; sourceTree = "<group>"; };
		1023FF3B1874F4F6000E19C6 /* AppDelegate.h */ = {isa = PBXFileReference; lastKnownFileType = sourcecode.c.h; path = AppDelegate.h; sourceTree = "<group>"; };
		1023FF3C1874F4F6000E19C6 /* AppDelegate.m */ = {isa = PBXFileReference; lastKnownFileType = sourcecode.c.objc; path = AppDelegate.m; sourceTree = "<group>"; };
		1023FF3E1874F4F6000E19C6 /* Default.png */ = {isa = PBXFileReference; lastKnownFileType = image.png; path = Default.png; sourceTree = "<group>"; };
		1023FF401874F4F6000E19C6 /* Default@2x.png */ = {isa = PBXFileReference; lastKnownFileType = image.png; path = "Default@2x.png"; sourceTree = "<group>"; };
		1023FF421874F4F6000E19C6 /* Default-568h@2x.png */ = {isa = PBXFileReference; lastKnownFileType = image.png; path = "Default-568h@2x.png"; sourceTree = "<group>"; };
		1023FF491874F52D000E19C6 /* mainViewController.h */ = {isa = PBXFileReference; fileEncoding = 4; lastKnownFileType = sourcecode.c.h; path = mainViewController.h; sourceTree = "<group>"; };
		1023FF4A1874F52D000E19C6 /* mainViewController.m */ = {isa = PBXFileReference; fileEncoding = 4; lastKnownFileType = sourcecode.c.objc; path = mainViewController.m; sourceTree = "<group>"; };
		1023FF4B1874F52D000E19C6 /* mainViewController.xib */ = {isa = PBXFileReference; fileEncoding = 4; lastKnownFileType = file.xib; path = mainViewController.xib; sourceTree = "<group>"; };
		1023FF5018750D81000E19C6 /* searchImage.png */ = {isa = PBXFileReference; lastKnownFileType = image.png; path = searchImage.png; sourceTree = "<group>"; };
		1023FF5218750DF4000E19C6 /* delete.png */ = {isa = PBXFileReference; lastKnownFileType = image.png; path = delete.png; sourceTree = "<group>"; };
		1023FF5918750FE5000E19C6 /* searchButton1.png */ = {isa = PBXFileReference; lastKnownFileType = image.png; path = searchButton1.png; sourceTree = "<group>"; };
		1023FF5E187538D2000E19C6 /* QuartzCore.framework */ = {isa = PBXFileReference; lastKnownFileType = wrapper.framework; name = QuartzCore.framework; path = System/Library/Frameworks/QuartzCore.framework; sourceTree = SDKROOT; };
		1023FF60187540CA000E19C6 /* LLSearchBar.h */ = {isa = PBXFileReference; fileEncoding = 4; lastKnownFileType = sourcecode.c.h; name = LLSearchBar.h; path = "1-2saleApp/LLSearchBar.h"; sourceTree = "<group>"; };
		1023FF61187540CA000E19C6 /* LLSearchBar.m */ = {isa = PBXFileReference; fileEncoding = 4; lastKnownFileType = sourcecode.c.objc; name = LLSearchBar.m; path = "1-2saleApp/LLSearchBar.m"; sourceTree = "<group>"; };
		1023FF66187549CF000E19C6 /* toolbar.png */ = {isa = PBXFileReference; lastKnownFileType = image.png; path = toolbar.png; sourceTree = "<group>"; };
		1023FF6818754B82000E19C6 /* leftButton.png */ = {isa = PBXFileReference; lastKnownFileType = image.png; path = leftButton.png; sourceTree = "<group>"; };
		1023FF6E18755393000E19C6 /* actionView.png */ = {isa = PBXFileReference; lastKnownFileType = image.png; path = actionView.png; sourceTree = "<group>"; };
		10659E27187BF6BE0068D576 /* ShowHotView.h */ = {isa = PBXFileReference; fileEncoding = 4; lastKnownFileType = sourcecode.c.h; path = ShowHotView.h; sourceTree = "<group>"; };
		10659E28187BF6BE0068D576 /* ShowHotView.m */ = {isa = PBXFileReference; fileEncoding = 4; lastKnownFileType = sourcecode.c.objc; path = ShowHotView.m; sourceTree = "<group>"; };
		10659E29187BF6BE0068D576 /* ShowAllView.h */ = {isa = PBXFileReference; fileEncoding = 4; lastKnownFileType = sourcecode.c.h; path = ShowAllView.h; sourceTree = "<group>"; };
		10659E2A187BF6BE0068D576 /* ShowAllView.m */ = {isa = PBXFileReference; fileEncoding = 4; lastKnownFileType = sourcecode.c.objc; path = ShowAllView.m; sourceTree = "<group>"; };
		10659E33187BFB7C0068D576 /* LLToolbar.h */ = {isa = PBXFileReference; fileEncoding = 4; lastKnownFileType = sourcecode.c.h; path = LLToolbar.h; sourceTree = "<group>"; };
		10659E34187BFB7C0068D576 /* LLToolbar.m */ = {isa = PBXFileReference; fileEncoding = 4; lastKnownFileType = sourcecode.c.objc; path = LLToolbar.m; sourceTree = "<group>"; };
		1075491E187CE4B200174964 /* AllOrderViewController.h */ = {isa = PBXFileReference; fileEncoding = 4; lastKnownFileType = sourcecode.c.h; path = AllOrderViewController.h; sourceTree = "<group>"; };
		1075491F187CE4B200174964 /* AllOrderViewController.m */ = {isa = PBXFileReference; fileEncoding = 4; lastKnownFileType = sourcecode.c.objc; path = AllOrderViewController.m; sourceTree = "<group>"; };
		10754920187CE4B200174964 /* AllOrderViewController.xib */ = {isa = PBXFileReference; fileEncoding = 4; lastKnownFileType = file.xib; path = AllOrderViewController.xib; sourceTree = "<group>"; };
		10754923187CE4BF00174964 /* OrderCell.h */ = {isa = PBXFileReference; fileEncoding = 4; lastKnownFileType = sourcecode.c.h; path = OrderCell.h; sourceTree = "<group>"; };
		10754924187CE4BF00174964 /* OrderCell.m */ = {isa = PBXFileReference; fileEncoding = 4; lastKnownFileType = sourcecode.c.objc; path = OrderCell.m; sourceTree = "<group>"; };
		10754926187CE4C800174964 /* UIScrollView+PullLoad.h */ = {isa = PBXFileReference; fileEncoding = 4; lastKnownFileType = sourcecode.c.h; path = "UIScrollView+PullLoad.h"; sourceTree = "<group>"; };
		10754927187CE4C800174964 /* UIScrollView+PullLoad.m */ = {isa = PBXFileReference; fileEncoding = 4; lastKnownFileType = sourcecode.c.objc; path = "UIScrollView+PullLoad.m"; sourceTree = "<group>"; };
		10754929187CE4D600174964 /* showCell.h */ = {isa = PBXFileReference; fileEncoding = 4; lastKnownFileType = sourcecode.c.h; path = showCell.h; sourceTree = "<group>"; };
		1075492A187CE4D600174964 /* showCell.m */ = {isa = PBXFileReference; fileEncoding = 4; lastKnownFileType = sourcecode.c.objc; path = showCell.m; sourceTree = "<group>"; };
		1075492C187CE4DF00174964 /* OrderImformationViewController.h */ = {isa = PBXFileReference; fileEncoding = 4; lastKnownFileType = sourcecode.c.h; path = OrderImformationViewController.h; sourceTree = "<group>"; };
		1075492D187CE4DF00174964 /* OrderImformationViewController.m */ = {isa = PBXFileReference; fileEncoding = 4; lastKnownFileType = sourcecode.c.objc; path = OrderImformationViewController.m; sourceTree = "<group>"; };
		1075492E187CE4DF00174964 /* OrderImformationViewController.xib */ = {isa = PBXFileReference; fileEncoding = 4; lastKnownFileType = file.xib; path = OrderImformationViewController.xib; sourceTree = "<group>"; };
		10754954187D4C6B00174964 /* evaluateViewController.h */ = {isa = PBXFileReference; fileEncoding = 4; lastKnownFileType = sourcecode.c.h; path = evaluateViewController.h; sourceTree = "<group>"; };
		10754955187D4C6B00174964 /* evaluateViewController.m */ = {isa = PBXFileReference; fileEncoding = 4; lastKnownFileType = sourcecode.c.objc; path = evaluateViewController.m; sourceTree = "<group>"; };
		10754956187D4C6B00174964 /* evaluateViewController.xib */ = {isa = PBXFileReference; fileEncoding = 4; lastKnownFileType = file.xib; path = evaluateViewController.xib; sourceTree = "<group>"; };
		10D02B33187645AE007FC518 /* LLTabelViewCell.h */ = {isa = PBXFileReference; fileEncoding = 4; lastKnownFileType = sourcecode.c.h; name = LLTabelViewCell.h; path = "1-2saleApp/LLTabelViewCell.h"; sourceTree = "<group>"; };
		10D02B34187645AE007FC518 /* LLTabelViewCell.m */ = {isa = PBXFileReference; fileEncoding = 4; lastKnownFileType = sourcecode.c.objc; name = LLTabelViewCell.m; path = "1-2saleApp/LLTabelViewCell.m"; sourceTree = "<group>"; };
		10D02B3618764C23007FC518 /* product.png */ = {isa = PBXFileReference; lastKnownFileType = image.png; path = product.png; sourceTree = "<group>"; };
		10D02B38187653F4007FC518 /* LLSelectButton.h */ = {isa = PBXFileReference; fileEncoding = 4; lastKnownFileType = sourcecode.c.h; name = LLSelectButton.h; path = "1-2saleApp/LLSelectButton.h"; sourceTree = "<group>"; };
		10D02B39187653F4007FC518 /* LLSelectButton.m */ = {isa = PBXFileReference; fileEncoding = 4; lastKnownFileType = sourcecode.c.objc; name = LLSelectButton.m; path = "1-2saleApp/LLSelectButton.m"; sourceTree = "<group>"; };
		10D02B3C1876589B007FC518 /* ASIAuthenticationDialog.h */ = {isa = PBXFileReference; fileEncoding = 4; lastKnownFileType = sourcecode.c.h; path = ASIAuthenticationDialog.h; sourceTree = "<group>"; };
		10D02B3D1876589B007FC518 /* ASIAuthenticationDialog.m */ = {isa = PBXFileReference; fileEncoding = 4; lastKnownFileType = sourcecode.c.objc; path = ASIAuthenticationDialog.m; sourceTree = "<group>"; };
		10D02B3E1876589B007FC518 /* ASICacheDelegate.h */ = {isa = PBXFileReference; fileEncoding = 4; lastKnownFileType = sourcecode.c.h; path = ASICacheDelegate.h; sourceTree = "<group>"; };
		10D02B3F1876589B007FC518 /* ASIDataCompressor.h */ = {isa = PBXFileReference; fileEncoding = 4; lastKnownFileType = sourcecode.c.h; path = ASIDataCompressor.h; sourceTree = "<group>"; };
		10D02B401876589B007FC518 /* ASIDataCompressor.m */ = {isa = PBXFileReference; fileEncoding = 4; lastKnownFileType = sourcecode.c.objc; path = ASIDataCompressor.m; sourceTree = "<group>"; };
		10D02B411876589B007FC518 /* ASIDataDecompressor.h */ = {isa = PBXFileReference; fileEncoding = 4; lastKnownFileType = sourcecode.c.h; path = ASIDataDecompressor.h; sourceTree = "<group>"; };
		10D02B421876589B007FC518 /* ASIDataDecompressor.m */ = {isa = PBXFileReference; fileEncoding = 4; lastKnownFileType = sourcecode.c.objc; path = ASIDataDecompressor.m; sourceTree = "<group>"; };
		10D02B431876589B007FC518 /* ASIDownloadCache.h */ = {isa = PBXFileReference; fileEncoding = 4; lastKnownFileType = sourcecode.c.h; path = ASIDownloadCache.h; sourceTree = "<group>"; };
		10D02B441876589B007FC518 /* ASIDownloadCache.m */ = {isa = PBXFileReference; fileEncoding = 4; lastKnownFileType = sourcecode.c.objc; path = ASIDownloadCache.m; sourceTree = "<group>"; };
		10D02B451876589B007FC518 /* ASIFormDataRequest.h */ = {isa = PBXFileReference; fileEncoding = 4; lastKnownFileType = sourcecode.c.h; path = ASIFormDataRequest.h; sourceTree = "<group>"; };
		10D02B461876589B007FC518 /* ASIFormDataRequest.m */ = {isa = PBXFileReference; fileEncoding = 4; lastKnownFileType = sourcecode.c.objc; path = ASIFormDataRequest.m; sourceTree = "<group>"; };
		10D02B471876589B007FC518 /* ASIHTTPRequest.h */ = {isa = PBXFileReference; fileEncoding = 4; lastKnownFileType = sourcecode.c.h; path = ASIHTTPRequest.h; sourceTree = "<group>"; };
		10D02B481876589B007FC518 /* ASIHTTPRequest.m */ = {isa = PBXFileReference; fileEncoding = 4; lastKnownFileType = sourcecode.c.objc; path = ASIHTTPRequest.m; sourceTree = "<group>"; };
		10D02B491876589B007FC518 /* ASIHTTPRequestConfig.h */ = {isa = PBXFileReference; fileEncoding = 4; lastKnownFileType = sourcecode.c.h; path = ASIHTTPRequestConfig.h; sourceTree = "<group>"; };
		10D02B4A1876589B007FC518 /* ASIHTTPRequestDelegate.h */ = {isa = PBXFileReference; fileEncoding = 4; lastKnownFileType = sourcecode.c.h; path = ASIHTTPRequestDelegate.h; sourceTree = "<group>"; };
		10D02B4B1876589B007FC518 /* ASIInputStream.h */ = {isa = PBXFileReference; fileEncoding = 4; lastKnownFileType = sourcecode.c.h; path = ASIInputStream.h; sourceTree = "<group>"; };
		10D02B4C1876589B007FC518 /* ASIInputStream.m */ = {isa = PBXFileReference; fileEncoding = 4; lastKnownFileType = sourcecode.c.objc; path = ASIInputStream.m; sourceTree = "<group>"; };
		10D02B4D1876589B007FC518 /* ASINetworkQueue.h */ = {isa = PBXFileReference; fileEncoding = 4; lastKnownFileType = sourcecode.c.h; path = ASINetworkQueue.h; sourceTree = "<group>"; };
		10D02B4E1876589B007FC518 /* ASINetworkQueue.m */ = {isa = PBXFileReference; fileEncoding = 4; lastKnownFileType = sourcecode.c.objc; path = ASINetworkQueue.m; sourceTree = "<group>"; };
		10D02B4F1876589B007FC518 /* ASIProgressDelegate.h */ = {isa = PBXFileReference; fileEncoding = 4; lastKnownFileType = sourcecode.c.h; path = ASIProgressDelegate.h; sourceTree = "<group>"; };
		10D02B511876589B007FC518 /* ASIWebPageRequest.h */ = {isa = PBXFileReference; fileEncoding = 4; lastKnownFileType = sourcecode.c.h; path = ASIWebPageRequest.h; sourceTree = "<group>"; };
		10D02B521876589B007FC518 /* ASIWebPageRequest.m */ = {isa = PBXFileReference; fileEncoding = 4; lastKnownFileType = sourcecode.c.objc; path = ASIWebPageRequest.m; sourceTree = "<group>"; };
		10D02B541876589B007FC518 /* Reachability.h */ = {isa = PBXFileReference; fileEncoding = 4; lastKnownFileType = sourcecode.c.h; path = Reachability.h; sourceTree = "<group>"; };
		10D02B551876589B007FC518 /* Reachability.m */ = {isa = PBXFileReference; fileEncoding = 4; lastKnownFileType = sourcecode.c.objc; path = Reachability.m; sourceTree = "<group>"; };
		10D02B6018765992007FC518 /* libxml2.dylib */ = {isa = PBXFileReference; lastKnownFileType = "compiled.mach-o.dylib"; name = libxml2.dylib; path = usr/lib/libxml2.dylib; sourceTree = SDKROOT; };
		10D02B62187659A0007FC518 /* libz.dylib */ = {isa = PBXFileReference; lastKnownFileType = "compiled.mach-o.dylib"; name = libz.dylib; path = usr/lib/libz.dylib; sourceTree = SDKROOT; };
		10D02B64187659AF007FC518 /* MobileCoreServices.framework */ = {isa = PBXFileReference; lastKnownFileType = wrapper.framework; name = MobileCoreServices.framework; path = System/Library/Frameworks/MobileCoreServices.framework; sourceTree = SDKROOT; };
		10D02B66187659C8007FC518 /* SystemConfiguration.framework */ = {isa = PBXFileReference; lastKnownFileType = wrapper.framework; name = SystemConfiguration.framework; path = System/Library/Frameworks/SystemConfiguration.framework; sourceTree = SDKROOT; };
		10D02B68187659CF007FC518 /* CFNetwork.framework */ = {isa = PBXFileReference; lastKnownFileType = wrapper.framework; name = CFNetwork.framework; path = System/Library/Frameworks/CFNetwork.framework; sourceTree = SDKROOT; };
		10D02B6E187697CF007FC518 /* moveView.png */ = {isa = PBXFileReference; lastKnownFileType = image.png; path = moveView.png; sourceTree = "<group>"; };
		10D13AEF187A5C5F000769C5 /* loadImage.png */ = {isa = PBXFileReference; lastKnownFileType = image.png; path = loadImage.png; sourceTree = "<group>"; };
		10D13AF5187A97D5000769C5 /* sorry.png */ = {isa = PBXFileReference; lastKnownFileType = image.png; path = sorry.png; sourceTree = "<group>"; };
		10D13AF7187AA5E3000769C5 /* backimage.png */ = {isa = PBXFileReference; lastKnownFileType = image.png; path = backimage.png; sourceTree = "<group>"; };
		10D2D01C187BDDA600490C3A /* ShoppingCartViewController.h */ = {isa = PBXFileReference; fileEncoding = 4; lastKnownFileType = sourcecode.c.h; path = ShoppingCartViewController.h; sourceTree = "<group>"; };
		10D2D01D187BDDA600490C3A /* ShoppingCartViewController.m */ = {isa = PBXFileReference; fileEncoding = 4; lastKnownFileType = sourcecode.c.objc; path = ShoppingCartViewController.m; sourceTree = "<group>"; };
		10D2D01E187BDDA600490C3A /* ShoppingCartViewController.xib */ = {isa = PBXFileReference; fileEncoding = 4; lastKnownFileType = file.xib; path = ShoppingCartViewController.xib; sourceTree = "<group>"; };
		10D2D01F187BDDA600490C3A /* ShoppingCartInterface.h */ = {isa = PBXFileReference; fileEncoding = 4; lastKnownFileType = sourcecode.c.h; path = ShoppingCartInterface.h; sourceTree = "<group>"; };
		10D2D020187BDDA600490C3A /* ShoppingCartInterface.m */ = {isa = PBXFileReference; fileEncoding = 4; lastKnownFileType = sourcecode.c.objc; path = ShoppingCartInterface.m; sourceTree = "<group>"; };
		10D2D021187BDDA600490C3A /* CustomerTableViewCell.h */ = {isa = PBXFileReference; fileEncoding = 4; lastKnownFileType = sourcecode.c.h; path = CustomerTableViewCell.h; sourceTree = "<group>"; };
		10D2D022187BDDA600490C3A /* CustomerTableViewCell.m */ = {isa = PBXFileReference; fileEncoding = 4; lastKnownFileType = sourcecode.c.objc; path = CustomerTableViewCell.m; sourceTree = "<group>"; };
		10D2D028187BDE4000490C3A /* ddefault.png */ = {isa = PBXFileReference; lastKnownFileType = image.png; path = ddefault.png; sourceTree = "<group>"; };
		10D2D029187BDE4000490C3A /* chooseGoods.jpg */ = {isa = PBXFileReference; lastKnownFileType = image.jpeg; path = chooseGoods.jpg; sourceTree = "<group>"; };
		10D2D02A187BDE4000490C3A /* delete.jpg */ = {isa = PBXFileReference; lastKnownFileType = image.jpeg; path = delete.jpg; sourceTree = "<group>"; };
		10D2D02E187BEE8100490C3A /* title_back.png */ = {isa = PBXFileReference; lastKnownFileType = image.png; path = title_back.png; sourceTree = "<group>"; };
		10D93C9D187BF841009FEBB4 /* login_textfield_more_flip@2x.png */ = {isa = PBXFileReference; lastKnownFileType = image.png; path = "login_textfield_more_flip@2x.png"; sourceTree = "<group>"; };
		10D93C9E187BF841009FEBB4 /* login_textfield_more@2x.png */ = {isa = PBXFileReference; lastKnownFileType = image.png; path = "login_textfield_more@2x.png"; sourceTree = "<group>"; };
		10D93C9F187BF841009FEBB4 /* login_btn_blue_press.png */ = {isa = PBXFileReference; lastKnownFileType = image.png; path = login_btn_blue_press.png; sourceTree = "<group>"; };
		10D93CA0187BF841009FEBB4 /* login_btn_blue_press@2x.png */ = {isa = PBXFileReference; lastKnownFileType = image.png; path = "login_btn_blue_press@2x.png"; sourceTree = "<group>"; };
		10D93CA1187BF841009FEBB4 /* login_bg_ip5@2x.jpg */ = {isa = PBXFileReference; lastKnownFileType = image.jpeg; path = "login_bg_ip5@2x.jpg"; sourceTree = "<group>"; };
		10D93CA2187BF841009FEBB4 /* login_bg.jpg */ = {isa = PBXFileReference; lastKnownFileType = image.jpeg; path = login_bg.jpg; sourceTree = "<group>"; };
		10D93CA3187BF841009FEBB4 /* check@2x.png */ = {isa = PBXFileReference; lastKnownFileType = image.png; path = "check@2x.png"; sourceTree = "<group>"; };
		10D93CA4187BF841009FEBB4 /* aoTeMan.jpg */ = {isa = PBXFileReference; lastKnownFileType = image.jpeg; path = aoTeMan.jpg; sourceTree = "<group>"; };
		10D93CAD187BF84C009FEBB4 /* ViewController.h */ = {isa = PBXFileReference; fileEncoding = 4; lastKnownFileType = sourcecode.c.h; path = ViewController.h; sourceTree = "<group>"; };
		10D93CAE187BF84C009FEBB4 /* ViewController.m */ = {isa = PBXFileReference; fileEncoding = 4; lastKnownFileType = sourcecode.c.objc; path = ViewController.m; sourceTree = "<group>"; };
		10D93CAF187BF84C009FEBB4 /* ViewController.xib */ = {isa = PBXFileReference; fileEncoding = 4; lastKnownFileType = file.xib; path = ViewController.xib; sourceTree = "<group>"; };
		10D93CB0187BF84C009FEBB4 /* logonViewController.h */ = {isa = PBXFileReference; fileEncoding = 4; lastKnownFileType = sourcecode.c.h; path = logonViewController.h; sourceTree = "<group>"; };
		10D93CB1187BF84C009FEBB4 /* logonViewController.m */ = {isa = PBXFileReference; fileEncoding = 4; lastKnownFileType = sourcecode.c.objc; path = logonViewController.m; sourceTree = "<group>"; };
		10D93CB2187BF84C009FEBB4 /* logonViewController.xib */ = {isa = PBXFileReference; fileEncoding = 4; lastKnownFileType = file.xib; path = logonViewController.xib; sourceTree = "<group>"; };
		10D93CB3187BF84C009FEBB4 /* InfoViewController.h */ = {isa = PBXFileReference; fileEncoding = 4; lastKnownFileType = sourcecode.c.h; path = InfoViewController.h; sourceTree = "<group>"; };
		10D93CB4187BF84C009FEBB4 /* InfoViewController.m */ = {isa = PBXFileReference; fileEncoding = 4; lastKnownFileType = sourcecode.c.objc; path = InfoViewController.m; sourceTree = "<group>"; };
		10D93CB5187BF84C009FEBB4 /* InfoViewController.xib */ = {isa = PBXFileReference; fileEncoding = 4; lastKnownFileType = file.xib; path = InfoViewController.xib; sourceTree = "<group>"; };
		10D93CBE187BF890009FEBB4 /* UserInfoViewController.h */ = {isa = PBXFileReference; fileEncoding = 4; lastKnownFileType = sourcecode.c.h; path = UserInfoViewController.h; sourceTree = "<group>"; };
		10D93CBF187BF890009FEBB4 /* UserInfoViewController.m */ = {isa = PBXFileReference; fileEncoding = 4; lastKnownFileType = sourcecode.c.objc; path = UserInfoViewController.m; sourceTree = "<group>"; };
		10D93CC0187BF890009FEBB4 /* UserInfoViewController.xib */ = {isa = PBXFileReference; fileEncoding = 4; lastKnownFileType = file.xib; path = UserInfoViewController.xib; sourceTree = "<group>"; };
		10E8B068187A3C9100112159 /* loadView.h */ = {isa = PBXFileReference; fileEncoding = 4; lastKnownFileType = sourcecode.c.h; name = loadView.h; path = "1-2saleApp/loadView.h"; sourceTree = "<group>"; };
		10E8B069187A3C9100112159 /* loadView.m */ = {isa = PBXFileReference; fileEncoding = 4; lastKnownFileType = sourcecode.c.objc; name = loadView.m; path = "1-2saleApp/loadView.m"; sourceTree = "<group>"; };
		10EA6B65187B8CE20067E2DA /* HotViewController.h */ = {isa = PBXFileReference; fileEncoding = 4; lastKnownFileType = sourcecode.c.h; path = HotViewController.h; sourceTree = "<group>"; };
		10EA6B66187B8CE20067E2DA /* HotViewController.m */ = {isa = PBXFileReference; fileEncoding = 4; lastKnownFileType = sourcecode.c.objc; path = HotViewController.m; sourceTree = "<group>"; };
		10EA6B67187B8CE20067E2DA /* HotViewController.xib */ = {isa = PBXFileReference; fileEncoding = 4; lastKnownFileType = file.xib; path = HotViewController.xib; sourceTree = "<group>"; };
		10EA6B6A187B8D060067E2DA /* HotView.h */ = {isa = PBXFileReference; fileEncoding = 4; lastKnownFileType = sourcecode.c.h; path = HotView.h; sourceTree = "<group>"; };
		10EA6B6B187B8D060067E2DA /* HotView.m */ = {isa = PBXFileReference; fileEncoding = 4; lastKnownFileType = sourcecode.c.objc; path = HotView.m; sourceTree = "<group>"; };
		10EA6B6D187B94390067E2DA /* DanLi.h */ = {isa = PBXFileReference; fileEncoding = 4; lastKnownFileType = sourcecode.c.h; path = DanLi.h; sourceTree = "<group>"; };
		10EA6B6E187B94390067E2DA /* DanLi.m */ = {isa = PBXFileReference; fileEncoding = 4; lastKnownFileType = sourcecode.c.objc; path = DanLi.m; sourceTree = "<group>"; };
		10EA6B70187B9C770067E2DA /* LeftViewController.h */ = {isa = PBXFileReference; fileEncoding = 4; lastKnownFileType = sourcecode.c.h; name = LeftViewController.h; path = "1-2saleApp/LeftViewController.h"; sourceTree = "<group>"; };
		10EA6B71187B9C780067E2DA /* LeftViewController.m */ = {isa = PBXFileReference; fileEncoding = 4; lastKnownFileType = sourcecode.c.objc; name = LeftViewController.m; path = "1-2saleApp/LeftViewController.m"; sourceTree = "<group>"; };
		10EA6B72187B9C780067E2DA /* LeftViewController.xib */ = {isa = PBXFileReference; fileEncoding = 4; lastKnownFileType = file.xib; name = LeftViewController.xib; path = "1-2saleApp/LeftViewController.xib"; sourceTree = "<group>"; };
		10EA6B75187B9C860067E2DA /* RightViewController.h */ = {isa = PBXFileReference; fileEncoding = 4; lastKnownFileType = sourcecode.c.h; name = RightViewController.h; path = "1-2saleApp/RightViewController.h"; sourceTree = "<group>"; };
		10EA6B76187B9C860067E2DA /* RightViewController.m */ = {isa = PBXFileReference; fileEncoding = 4; lastKnownFileType = sourcecode.c.objc; name = RightViewController.m; path = "1-2saleApp/RightViewController.m"; sourceTree = "<group>"; };
		10EA6B77187B9C860067E2DA /* RightViewController.xib */ = {isa = PBXFileReference; fileEncoding = 4; lastKnownFileType = file.xib; name = RightViewController.xib; path = "1-2saleApp/RightViewController.xib"; sourceTree = "<group>"; };
/* End PBXFileReference section */

/* Begin PBXFrameworksBuildPhase section */
		1023FF261874F4F6000E19C6 /* Frameworks */ = {
			isa = PBXFrameworksBuildPhase;
			buildActionMask = 2147483647;
			files = (
				10D02B69187659CF007FC518 /* CFNetwork.framework in Frameworks */,
				10D02B67187659C8007FC518 /* SystemConfiguration.framework in Frameworks */,
				10D02B65187659AF007FC518 /* MobileCoreServices.framework in Frameworks */,
				10D02B63187659A0007FC518 /* libz.dylib in Frameworks */,
				10D02B6118765992007FC518 /* libxml2.dylib in Frameworks */,
				1023FF5F187538D2000E19C6 /* QuartzCore.framework in Frameworks */,
				1023FF2D1874F4F6000E19C6 /* UIKit.framework in Frameworks */,
				1023FF2F1874F4F6000E19C6 /* Foundation.framework in Frameworks */,
				1023FF311874F4F6000E19C6 /* CoreGraphics.framework in Frameworks */,
			);
			runOnlyForDeploymentPostprocessing = 0;
		};
/* End PBXFrameworksBuildPhase section */

/* Begin PBXGroup section */
		1023FF201874F4F6000E19C6 = {
			isa = PBXGroup;
			children = (
				1023FF321874F4F6000E19C6 /* 1-2saleApp */,
				1023FF2B1874F4F6000E19C6 /* Frameworks */,
				1023FF2A1874F4F6000E19C6 /* Products */,
			);
			sourceTree = "<group>";
		};
		1023FF2A1874F4F6000E19C6 /* Products */ = {
			isa = PBXGroup;
			children = (
				1023FF291874F4F6000E19C6 /* 1-2saleApp.app */,
			);
			name = Products;
			sourceTree = "<group>";
		};
		1023FF2B1874F4F6000E19C6 /* Frameworks */ = {
			isa = PBXGroup;
			children = (
				10D02B68187659CF007FC518 /* CFNetwork.framework */,
				10D02B66187659C8007FC518 /* SystemConfiguration.framework */,
				10D02B64187659AF007FC518 /* MobileCoreServices.framework */,
				10D02B62187659A0007FC518 /* libz.dylib */,
				10D02B6018765992007FC518 /* libxml2.dylib */,
				1023FF5E187538D2000E19C6 /* QuartzCore.framework */,
				1023FF2C1874F4F6000E19C6 /* UIKit.framework */,
				1023FF2E1874F4F6000E19C6 /* Foundation.framework */,
				1023FF301874F4F6000E19C6 /* CoreGraphics.framework */,
			);
			name = Frameworks;
			sourceTree = "<group>";
		};
		1023FF321874F4F6000E19C6 /* 1-2saleApp */ = {
			isa = PBXGroup;
			children = (
				1023FF3B1874F4F6000E19C6 /* AppDelegate.h */,
				1023FF3C1874F4F6000E19C6 /* AppDelegate.m */,
				10754953187D4B0D00174964 /* address */,
				1075491D187CE0A500174964 /* Order */,
				10659E36187BFC2D0068D576 /* mainViewController */,
				10D2D027187BDDC600490C3A /* ShoppingCart购物车 */,
				10D93C9A187BF816009FEBB4 /* LoginAndRegist */,
				10D93C99187BF809009FEBB4 /* UserInformation */,
				10D02B3B1876589B007FC518 /* ASIHttpRequest */,
				1023FF331874F4F6000E19C6 /* Supporting Files */,
			);
			path = "1-2saleApp";
			sourceTree = "<group>";
		};
		1023FF331874F4F6000E19C6 /* Supporting Files */ = {
			isa = PBXGroup;
			children = (
				1023FF341874F4F6000E19C6 /* 1-2saleApp-Info.plist */,
				1023FF351874F4F6000E19C6 /* InfoPlist.strings */,
				1023FF381874F4F6000E19C6 /* main.m */,
				1023FF3A1874F4F6000E19C6 /* 1-2saleApp-Prefix.pch */,
				1023FF3E1874F4F6000E19C6 /* Default.png */,
				1023FF401874F4F6000E19C6 /* Default@2x.png */,
				1023FF421874F4F6000E19C6 /* Default-568h@2x.png */,
			);
			name = "Supporting Files";
			sourceTree = "<group>";
		};
		1023FF5418750DFD000E19C6 /* image */ = {
			isa = PBXGroup;
			children = (
				10D02B3618764C23007FC518 /* product.png */,
				1023FF6818754B82000E19C6 /* leftButton.png */,
				1023FF5918750FE5000E19C6 /* searchButton1.png */,
				1023FF5218750DF4000E19C6 /* delete.png */,
				1023FF5018750D81000E19C6 /* searchImage.png */,
				1023FF66187549CF000E19C6 /* toolbar.png */,
				1023FF6E18755393000E19C6 /* actionView.png */,
				10D13AEF187A5C5F000769C5 /* loadImage.png */,
				10D02B6E187697CF007FC518 /* moveView.png */,
				10D13AF5187A97D5000769C5 /* sorry.png */,
				10D2D028187BDE4000490C3A /* ddefault.png */,
				10D2D029187BDE4000490C3A /* chooseGoods.jpg */,
				10D13AF7187AA5E3000769C5 /* backimage.png */,
				10D2D02A187BDE4000490C3A /* delete.jpg */,
				10D2D02E187BEE8100490C3A /* title_back.png */,
			);
			name = image;
			sourceTree = "<group>";
		};
		10659E36187BFC2D0068D576 /* mainViewController */ = {
			isa = PBXGroup;
			children = (
				1023FF5418750DFD000E19C6 /* image */,
				1023FF491874F52D000E19C6 /* mainViewController.h */,
				1023FF4A1874F52D000E19C6 /* mainViewController.m */,
				1023FF4B1874F52D000E19C6 /* mainViewController.xib */,
				10EA6B65187B8CE20067E2DA /* HotViewController.h */,
				10EA6B66187B8CE20067E2DA /* HotViewController.m */,
				10EA6B67187B8CE20067E2DA /* HotViewController.xib */,
				10EA6B6A187B8D060067E2DA /* HotView.h */,
				10EA6B6B187B8D060067E2DA /* HotView.m */,
				10659E27187BF6BE0068D576 /* ShowHotView.h */,
				10659E28187BF6BE0068D576 /* ShowHotView.m */,
				10659E29187BF6BE0068D576 /* ShowAllView.h */,
				10659E2A187BF6BE0068D576 /* ShowAllView.m */,
				10EA6B6D187B94390067E2DA /* DanLi.h */,
				10EA6B6E187B94390067E2DA /* DanLi.m */,
				10EA6B7B187B9CAE0067E2DA /* CustomView */,
				10EA6B7A187B9C8F0067E2DA /* right&leftView */,
			);
			name = mainViewController;
			sourceTree = "<group>";
		};
		1075491D187CE0A500174964 /* Order */ = {
			isa = PBXGroup;
			children = (
				10754926187CE4C800174964 /* UIScrollView+PullLoad.h */,
				10754927187CE4C800174964 /* UIScrollView+PullLoad.m */,
				10754923187CE4BF00174964 /* OrderCell.h */,
				10754924187CE4BF00174964 /* OrderCell.m */,
				10754929187CE4D600174964 /* showCell.h */,
				1075492A187CE4D600174964 /* showCell.m */,
				1075491E187CE4B200174964 /* AllOrderViewController.h */,
				1075491F187CE4B200174964 /* AllOrderViewController.m */,
				10754920187CE4B200174964 /* AllOrderViewController.xib */,
				1075492C187CE4DF00174964 /* OrderImformationViewController.h */,
				1075492D187CE4DF00174964 /* OrderImformationViewController.m */,
				1075492E187CE4DF00174964 /* OrderImformationViewController.xib */,
				10754954187D4C6B00174964 /* evaluateViewController.h */,
				10754955187D4C6B00174964 /* evaluateViewController.m */,
				10754956187D4C6B00174964 /* evaluateViewController.xib */,
			);
			name = Order;
			sourceTree = "<group>";
		};
		10754953187D4B0D00174964 /* address */ = {
			isa = PBXGroup;
			children = (
			);
			name = address;
			sourceTree = "<group>";
		};
		10D02B3B1876589B007FC518 /* ASIHttpRequest */ = {
			isa = PBXGroup;
			children = (
				10D02B3C1876589B007FC518 /* ASIAuthenticationDialog.h */,
				10D02B3D1876589B007FC518 /* ASIAuthenticationDialog.m */,
				10D02B3E1876589B007FC518 /* ASICacheDelegate.h */,
				10D02B3F1876589B007FC518 /* ASIDataCompressor.h */,
				10D02B401876589B007FC518 /* ASIDataCompressor.m */,
				10D02B411876589B007FC518 /* ASIDataDecompressor.h */,
				10D02B421876589B007FC518 /* ASIDataDecompressor.m */,
				10D02B431876589B007FC518 /* ASIDownloadCache.h */,
				10D02B441876589B007FC518 /* ASIDownloadCache.m */,
				10D02B451876589B007FC518 /* ASIFormDataRequest.h */,
				10D02B461876589B007FC518 /* ASIFormDataRequest.m */,
				10D02B471876589B007FC518 /* ASIHTTPRequest.h */,
				10D02B481876589B007FC518 /* ASIHTTPRequest.m */,
				10D02B491876589B007FC518 /* ASIHTTPRequestConfig.h */,
				10D02B4A1876589B007FC518 /* ASIHTTPRequestDelegate.h */,
				10D02B4B1876589B007FC518 /* ASIInputStream.h */,
				10D02B4C1876589B007FC518 /* ASIInputStream.m */,
				10D02B4D1876589B007FC518 /* ASINetworkQueue.h */,
				10D02B4E1876589B007FC518 /* ASINetworkQueue.m */,
				10D02B4F1876589B007FC518 /* ASIProgressDelegate.h */,
				10D02B501876589B007FC518 /* ASIWebPageRequest */,
				10D02B531876589B007FC518 /* Reachability */,
			);
			path = ASIHttpRequest;
			sourceTree = "<group>";
		};
		10D02B501876589B007FC518 /* ASIWebPageRequest */ = {
			isa = PBXGroup;
			children = (
				10D02B511876589B007FC518 /* ASIWebPageRequest.h */,
				10D02B521876589B007FC518 /* ASIWebPageRequest.m */,
			);
			path = ASIWebPageRequest;
			sourceTree = "<group>";
		};
		10D02B531876589B007FC518 /* Reachability */ = {
			isa = PBXGroup;
			children = (
				10D02B541876589B007FC518 /* Reachability.h */,
				10D02B551876589B007FC518 /* Reachability.m */,
			);
			path = Reachability;
			sourceTree = "<group>";
		};
		10D2D027187BDDC600490C3A /* ShoppingCart购物车 */ = {
			isa = PBXGroup;
			children = (
				10D2D01C187BDDA600490C3A /* ShoppingCartViewController.h */,
				10D2D01D187BDDA600490C3A /* ShoppingCartViewController.m */,
				10D2D01E187BDDA600490C3A /* ShoppingCartViewController.xib */,
				10D2D01F187BDDA600490C3A /* ShoppingCartInterface.h */,
				10D2D020187BDDA600490C3A /* ShoppingCartInterface.m */,
				10D2D021187BDDA600490C3A /* CustomerTableViewCell.h */,
				10D2D022187BDDA600490C3A /* CustomerTableViewCell.m */,
			);
			name = "ShoppingCart购物车";
			sourceTree = "<group>";
		};
		10D93C99187BF809009FEBB4 /* UserInformation */ = {
			isa = PBXGroup;
			children = (
				10D93CBC187BF879009FEBB4 /* Main */,
				10D93CBD187BF880009FEBB4 /* INFOPicture */,
			);
			name = UserInformation;
			sourceTree = "<group>";
		};
		10D93C9A187BF816009FEBB4 /* LoginAndRegist */ = {
			isa = PBXGroup;
			children = (
				10D93C9C187BF833009FEBB4 /* Main */,
				10D93C9B187BF829009FEBB4 /* LRpicture */,
			);
			name = LoginAndRegist;
			sourceTree = "<group>";
		};
		10D93C9B187BF829009FEBB4 /* LRpicture */ = {
			isa = PBXGroup;
			children = (
				10D93C9D187BF841009FEBB4 /* login_textfield_more_flip@2x.png */,
				10D93C9E187BF841009FEBB4 /* login_textfield_more@2x.png */,
				10D93C9F187BF841009FEBB4 /* login_btn_blue_press.png */,
				10D93CA0187BF841009FEBB4 /* login_btn_blue_press@2x.png */,
				10D93CA1187BF841009FEBB4 /* login_bg_ip5@2x.jpg */,
				10D93CA2187BF841009FEBB4 /* login_bg.jpg */,
				10D93CA3187BF841009FEBB4 /* check@2x.png */,
				10D93CA4187BF841009FEBB4 /* aoTeMan.jpg */,
			);
			name = LRpicture;
			sourceTree = "<group>";
		};
		10D93C9C187BF833009FEBB4 /* Main */ = {
			isa = PBXGroup;
			children = (
				10D93CAD187BF84C009FEBB4 /* ViewController.h */,
				10D93CAE187BF84C009FEBB4 /* ViewController.m */,
				10D93CAF187BF84C009FEBB4 /* ViewController.xib */,
				10D93CB0187BF84C009FEBB4 /* logonViewController.h */,
				10D93CB1187BF84C009FEBB4 /* logonViewController.m */,
				10D93CB2187BF84C009FEBB4 /* logonViewController.xib */,
				10D93CB3187BF84C009FEBB4 /* InfoViewController.h */,
				10D93CB4187BF84C009FEBB4 /* InfoViewController.m */,
				10D93CB5187BF84C009FEBB4 /* InfoViewController.xib */,
			);
			name = Main;
			sourceTree = "<group>";
		};
		10D93CBC187BF879009FEBB4 /* Main */ = {
			isa = PBXGroup;
			children = (
				10D93CBE187BF890009FEBB4 /* UserInfoViewController.h */,
				10D93CBF187BF890009FEBB4 /* UserInfoViewController.m */,
				10D93CC0187BF890009FEBB4 /* UserInfoViewController.xib */,
			);
			name = Main;
			sourceTree = "<group>";
		};
		10D93CBD187BF880009FEBB4 /* INFOPicture */ = {
			isa = PBXGroup;
			children = (
			);
			name = INFOPicture;
			sourceTree = "<group>";
		};
		10EA6B7A187B9C8F0067E2DA /* right&leftView */ = {
			isa = PBXGroup;
			children = (
				10EA6B75187B9C860067E2DA /* RightViewController.h */,
				10EA6B76187B9C860067E2DA /* RightViewController.m */,
				10EA6B77187B9C860067E2DA /* RightViewController.xib */,
				10EA6B70187B9C770067E2DA /* LeftViewController.h */,
				10EA6B71187B9C780067E2DA /* LeftViewController.m */,
				10EA6B72187B9C780067E2DA /* LeftViewController.xib */,
			);
			name = "right&leftView";
			path = ..;
			sourceTree = "<group>";
		};
		10EA6B7B187B9CAE0067E2DA /* CustomView */ = {
			isa = PBXGroup;
			children = (
				10659E33187BFB7C0068D576 /* LLToolbar.h */,
				10659E34187BFB7C0068D576 /* LLToolbar.m */,
				1023FF60187540CA000E19C6 /* LLSearchBar.h */,
				1023FF61187540CA000E19C6 /* LLSearchBar.m */,
				10D02B38187653F4007FC518 /* LLSelectButton.h */,
				10D02B39187653F4007FC518 /* LLSelectButton.m */,
				10D02B33187645AE007FC518 /* LLTabelViewCell.h */,
				10D02B34187645AE007FC518 /* LLTabelViewCell.m */,
				10E8B068187A3C9100112159 /* loadView.h */,
				10E8B069187A3C9100112159 /* loadView.m */,
			);
			name = CustomView;
			path = ..;
			sourceTree = "<group>";
		};
/* End PBXGroup section */

/* Begin PBXNativeTarget section */
		1023FF281874F4F6000E19C6 /* 1-2saleApp */ = {
			isa = PBXNativeTarget;
			buildConfigurationList = 1023FF461874F4F6000E19C6 /* Build configuration list for PBXNativeTarget "1-2saleApp" */;
			buildPhases = (
				1023FF251874F4F6000E19C6 /* Sources */,
				1023FF261874F4F6000E19C6 /* Frameworks */,
				1023FF271874F4F6000E19C6 /* Resources */,
			);
			buildRules = (
			);
			dependencies = (
			);
			name = "1-2saleApp";
			productName = "1-2saleApp";
			productReference = 1023FF291874F4F6000E19C6 /* 1-2saleApp.app */;
			productType = "com.apple.product-type.application";
		};
/* End PBXNativeTarget section */

/* Begin PBXProject section */
		1023FF211874F4F6000E19C6 /* Project object */ = {
			isa = PBXProject;
			attributes = {
				LastUpgradeCheck = 0460;
				ORGANIZATIONNAME = ljt;
			};
			buildConfigurationList = 1023FF241874F4F6000E19C6 /* Build configuration list for PBXProject "1-2saleApp" */;
			compatibilityVersion = "Xcode 3.2";
			developmentRegion = English;
			hasScannedForEncodings = 0;
			knownRegions = (
				en,
			);
			mainGroup = 1023FF201874F4F6000E19C6;
			productRefGroup = 1023FF2A1874F4F6000E19C6 /* Products */;
			projectDirPath = "";
			projectRoot = "";
			targets = (
				1023FF281874F4F6000E19C6 /* 1-2saleApp */,
			);
		};
/* End PBXProject section */

/* Begin PBXResourcesBuildPhase section */
		1023FF271874F4F6000E19C6 /* Resources */ = {
			isa = PBXResourcesBuildPhase;
			buildActionMask = 2147483647;
			files = (
				1023FF371874F4F6000E19C6 /* InfoPlist.strings in Resources */,
				1023FF3F1874F4F6000E19C6 /* Default.png in Resources */,
				1023FF411874F4F6000E19C6 /* Default@2x.png in Resources */,
				1023FF431874F4F6000E19C6 /* Default-568h@2x.png in Resources */,
				1023FF4D1874F52D000E19C6 /* mainViewController.xib in Resources */,
				1023FF5118750D81000E19C6 /* searchImage.png in Resources */,
				1023FF5318750DF4000E19C6 /* delete.png in Resources */,
				1023FF5A18750FE5000E19C6 /* searchButton1.png in Resources */,
				1023FF67187549CF000E19C6 /* toolbar.png in Resources */,
				1023FF6918754B82000E19C6 /* leftButton.png in Resources */,
				1023FF6F18755393000E19C6 /* actionView.png in Resources */,
				10D02B3718764C23007FC518 /* product.png in Resources */,
				10D02B6F187697CF007FC518 /* moveView.png in Resources */,
				10D13AF0187A5C5F000769C5 /* loadImage.png in Resources */,
				10D13AF6187A97D5000769C5 /* sorry.png in Resources */,
				10D13AF8187AA5E3000769C5 /* backimage.png in Resources */,
				10EA6B69187B8CE20067E2DA /* HotViewController.xib in Resources */,
				10EA6B74187B9C780067E2DA /* LeftViewController.xib in Resources */,
				10EA6B79187B9C860067E2DA /* RightViewController.xib in Resources */,
				10D2D024187BDDA600490C3A /* ShoppingCartViewController.xib in Resources */,
				10D2D02B187BDE4100490C3A /* ddefault.png in Resources */,
				10D2D02C187BDE4100490C3A /* chooseGoods.jpg in Resources */,
				10D2D02D187BDE4100490C3A /* delete.jpg in Resources */,
				10D2D02F187BEE8100490C3A /* title_back.png in Resources */,
				10D93CA5187BF841009FEBB4 /* login_textfield_more_flip@2x.png in Resources */,
				10D93CA6187BF841009FEBB4 /* login_textfield_more@2x.png in Resources */,
				10D93CA7187BF841009FEBB4 /* login_btn_blue_press.png in Resources */,
				10D93CA8187BF841009FEBB4 /* login_btn_blue_press@2x.png in Resources */,
				10D93CA9187BF841009FEBB4 /* login_bg_ip5@2x.jpg in Resources */,
				10D93CAA187BF841009FEBB4 /* login_bg.jpg in Resources */,
				10D93CAB187BF841009FEBB4 /* check@2x.png in Resources */,
				10D93CAC187BF841009FEBB4 /* aoTeMan.jpg in Resources */,
				10D93CB7187BF84C009FEBB4 /* ViewController.xib in Resources */,
				10D93CB9187BF84C009FEBB4 /* logonViewController.xib in Resources */,
				10D93CBB187BF84C009FEBB4 /* InfoViewController.xib in Resources */,
				10D93CC2187BF890009FEBB4 /* UserInfoViewController.xib in Resources */,
				10754922187CE4B200174964 /* AllOrderViewController.xib in Resources */,
				10754930187CE4DF00174964 /* OrderImformationViewController.xib in Resources */,
				10754958187D4C6B00174964 /* evaluateViewController.xib in Resources */,
			);
			runOnlyForDeploymentPostprocessing = 0;
		};
/* End PBXResourcesBuildPhase section */

/* Begin PBXSourcesBuildPhase section */
		1023FF251874F4F6000E19C6 /* Sources */ = {
			isa = PBXSourcesBuildPhase;
			buildActionMask = 2147483647;
			files = (
				1023FF391874F4F6000E19C6 /* main.m in Sources */,
				1023FF3D1874F4F6000E19C6 /* AppDelegate.m in Sources */,
				1023FF4C1874F52D000E19C6 /* mainViewController.m in Sources */,
				1023FF62187540CA000E19C6 /* LLSearchBar.m in Sources */,
				10D02B35187645AE007FC518 /* LLTabelViewCell.m in Sources */,
				10D02B3A187653F4007FC518 /* LLSelectButton.m in Sources */,
				10D02B561876589B007FC518 /* ASIAuthenticationDialog.m in Sources */,
				10D02B571876589B007FC518 /* ASIDataCompressor.m in Sources */,
				10D02B581876589B007FC518 /* ASIDataDecompressor.m in Sources */,
				10D02B591876589B007FC518 /* ASIDownloadCache.m in Sources */,
				10D02B5A1876589B007FC518 /* ASIFormDataRequest.m in Sources */,
				10D02B5B1876589B007FC518 /* ASIHTTPRequest.m in Sources */,
				10D02B5C1876589B007FC518 /* ASIInputStream.m in Sources */,
				10D02B5D1876589B007FC518 /* ASINetworkQueue.m in Sources */,
				10D02B5E1876589B007FC518 /* ASIWebPageRequest.m in Sources */,
				10D02B5F1876589B007FC518 /* Reachability.m in Sources */,
				10E8B06A187A3C9100112159 /* loadView.m in Sources */,
				10EA6B68187B8CE20067E2DA /* HotViewController.m in Sources */,
				10EA6B6C187B8D060067E2DA /* HotView.m in Sources */,
				10EA6B6F187B94390067E2DA /* DanLi.m in Sources */,
				10EA6B73187B9C780067E2DA /* LeftViewController.m in Sources */,
				10EA6B78187B9C860067E2DA /* RightViewController.m in Sources */,
				10D2D023187BDDA600490C3A /* ShoppingCartViewController.m in Sources */,
				10D2D025187BDDA600490C3A /* ShoppingCartInterface.m in Sources */,
				10D2D026187BDDA600490C3A /* CustomerTableViewCell.m in Sources */,
				10659E2B187BF6BE0068D576 /* ShowHotView.m in Sources */,
				10659E2C187BF6BE0068D576 /* ShowAllView.m in Sources */,
				10D93CB6187BF84C009FEBB4 /* ViewController.m in Sources */,
				10D93CB8187BF84C009FEBB4 /* logonViewController.m in Sources */,
				10D93CBA187BF84C009FEBB4 /* InfoViewController.m in Sources */,
				10D93CC1187BF890009FEBB4 /* UserInfoViewController.m in Sources */,
				10659E35187BFB7C0068D576 /* LLToolbar.m in Sources */,
				10754921187CE4B200174964 /* AllOrderViewController.m in Sources */,
				10754925187CE4BF00174964 /* OrderCell.m in Sources */,
				10754928187CE4C800174964 /* UIScrollView+PullLoad.m in Sources */,
				1075492B187CE4D600174964 /* showCell.m in Sources */,
				1075492F187CE4DF00174964 /* OrderImformationViewController.m in Sources */,
				10754957187D4C6B00174964 /* evaluateViewController.m in Sources */,
			);
			runOnlyForDeploymentPostprocessing = 0;
		};
/* End PBXSourcesBuildPhase section */

/* Begin PBXVariantGroup section */
		1023FF351874F4F6000E19C6 /* InfoPlist.strings */ = {
			isa = PBXVariantGroup;
			children = (
				1023FF361874F4F6000E19C6 /* en */,
			);
			name = InfoPlist.strings;
			sourceTree = "<group>";
		};
/* End PBXVariantGroup section */

/* Begin XCBuildConfiguration section */
		1023FF441874F4F6000E19C6 /* Debug */ = {
			isa = XCBuildConfiguration;
			buildSettings = {
				ALWAYS_SEARCH_USER_PATHS = NO;
				CLANG_CXX_LANGUAGE_STANDARD = "gnu++0x";
				CLANG_CXX_LIBRARY = "libc++";
				CLANG_ENABLE_OBJC_ARC = YES;
				CLANG_WARN_CONSTANT_CONVERSION = YES;
				CLANG_WARN_EMPTY_BODY = YES;
				CLANG_WARN_ENUM_CONVERSION = YES;
				CLANG_WARN_INT_CONVERSION = YES;
				CLANG_WARN__DUPLICATE_METHOD_MATCH = YES;
				"CODE_SIGN_IDENTITY[sdk=iphoneos*]" = "iPhone Developer";
				COPY_PHASE_STRIP = NO;
				GCC_C_LANGUAGE_STANDARD = gnu99;
				GCC_DYNAMIC_NO_PIC = NO;
				GCC_OPTIMIZATION_LEVEL = 0;
				GCC_PREPROCESSOR_DEFINITIONS = (
					"DEBUG=1",
					"$(inherited)",
				);
				GCC_SYMBOLS_PRIVATE_EXTERN = NO;
				GCC_WARN_ABOUT_RETURN_TYPE = YES;
				GCC_WARN_UNINITIALIZED_AUTOS = YES;
				GCC_WARN_UNUSED_VARIABLE = YES;
				IPHONEOS_DEPLOYMENT_TARGET = 6.1;
				ONLY_ACTIVE_ARCH = YES;
				SDKROOT = iphoneos;
			};
			name = Debug;
		};
		1023FF451874F4F6000E19C6 /* Release */ = {
			isa = XCBuildConfiguration;
			buildSettings = {
				ALWAYS_SEARCH_USER_PATHS = NO;
				CLANG_CXX_LANGUAGE_STANDARD = "gnu++0x";
				CLANG_CXX_LIBRARY = "libc++";
				CLANG_ENABLE_OBJC_ARC = YES;
				CLANG_WARN_CONSTANT_CONVERSION = YES;
				CLANG_WARN_EMPTY_BODY = YES;
				CLANG_WARN_ENUM_CONVERSION = YES;
				CLANG_WARN_INT_CONVERSION = YES;
				CLANG_WARN__DUPLICATE_METHOD_MATCH = YES;
				"CODE_SIGN_IDENTITY[sdk=iphoneos*]" = "iPhone Developer";
				COPY_PHASE_STRIP = YES;
				GCC_C_LANGUAGE_STANDARD = gnu99;
				GCC_WARN_ABOUT_RETURN_TYPE = YES;
				GCC_WARN_UNINITIALIZED_AUTOS = YES;
				GCC_WARN_UNUSED_VARIABLE = YES;
				IPHONEOS_DEPLOYMENT_TARGET = 6.1;
				OTHER_CFLAGS = "-DNS_BLOCK_ASSERTIONS=1";
				SDKROOT = iphoneos;
				VALIDATE_PRODUCT = YES;
			};
			name = Release;
		};
		1023FF471874F4F6000E19C6 /* Debug */ = {
			isa = XCBuildConfiguration;
			buildSettings = {
				GCC_PRECOMPILE_PREFIX_HEADER = YES;
				GCC_PREFIX_HEADER = "1-2saleApp/1-2saleApp-Prefix.pch";
				HEADER_SEARCH_PATHS = /usr/include/libxml2;
				INFOPLIST_FILE = "1-2saleApp/1-2saleApp-Info.plist";
				PRODUCT_NAME = "$(TARGET_NAME)";
				WRAPPER_EXTENSION = app;
			};
			name = Debug;
		};
		1023FF481874F4F6000E19C6 /* Release */ = {
			isa = XCBuildConfiguration;
			buildSettings = {
				GCC_PRECOMPILE_PREFIX_HEADER = YES;
				GCC_PREFIX_HEADER = "1-2saleApp/1-2saleApp-Prefix.pch";
				HEADER_SEARCH_PATHS = /usr/include/libxml2;
				INFOPLIST_FILE = "1-2saleApp/1-2saleApp-Info.plist";
				PRODUCT_NAME = "$(TARGET_NAME)";
				WRAPPER_EXTENSION = app;
			};
			name = Release;
		};
/* End XCBuildConfiguration section */

/* Begin XCConfigurationList section */
		1023FF241874F4F6000E19C6 /* Build configuration list for PBXProject "1-2saleApp" */ = {
			isa = XCConfigurationList;
			buildConfigurations = (
				1023FF441874F4F6000E19C6 /* Debug */,
				1023FF451874F4F6000E19C6 /* Release */,
			);
			defaultConfigurationIsVisible = 0;
			defaultConfigurationName = Release;
		};
		1023FF461874F4F6000E19C6 /* Build configuration list for PBXNativeTarget "1-2saleApp" */ = {
			isa = XCConfigurationList;
			buildConfigurations = (
				1023FF471874F4F6000E19C6 /* Debug */,
				1023FF481874F4F6000E19C6 /* Release */,
			);
			defaultConfigurationIsVisible = 0;
			defaultConfigurationName = Release;
		};
/* End XCConfigurationList section */
	};
	rootObject = 1023FF211874F4F6000E19C6 /* Project object */;
}
